
Microsoft Visual Studio Solution File, Format Version 12.00
# Visual Studio Version 17
VisualStudioVersion = 17.9.34616.47
MinimumVisualStudioVersion = 10.0.40219.1
Project("{FAE04EC0-301F-11D3-BF4B-00C04F79EFBC}") = "WebApplication3", "WebApplication3\WebApplication3.csproj", "{EADEBDD4-CB50-4767-AC25-94827512C060}"
EndProject
Global
	GlobalSection(SolutionConfigurationPlatforms) = preSolution
		Debug|Any CPU = Debug|Any CPU
		Release|Any CPU = Release|Any CPU
	EndGlobalSection
	GlobalSection(ProjectConfigurationPlatforms) = postSolution
		{EADEBDD4-CB50-4767-AC25-94827512C060}.Debug|Any CPU.ActiveCfg = Debug|Any CPU
		{EADEBDD4-CB50-4767-AC25-94827512C060}.Debug|Any CPU.Build.0 = Debug|Any CPU
		{EADEBDD4-CB50-4767-AC25-94827512C060}.Release|Any CPU.ActiveCfg = Release|Any CPU
		{EADEBDD4-CB50-4767-AC25-94827512C060}.Release|Any CPU.Build.0 = Release|Any CPU
	EndGlobalSection
	GlobalSection(SolutionProperties) = preSolution
		HideSolutionNode = FALSE
	EndGlobalSection
	GlobalSection(ExtensibilityGlobals) = postSolution
		SolutionGuid = {68413BC4-3466-4F92-8642-6B35B53E2A3F}
	EndGlobalSection
EndGlobal
